
Microsoft Visual Studio Solution File, Format Version 12.00
# Visual Studio 15
VisualStudioVersion = 15.0.28307.1259
MinimumVisualStudioVersion = 10.0.40219.1
Project("{FAE04EC0-301F-11D3-BF4B-00C04F79EFBC}") = "ClientReservasi-110", "ClientReservasi-110\ClientReservasi-110.csproj", "{FFB344C7-F276-4557-B05B-A883F4CBA2E6}"
EndProject
Global
	GlobalSection(SolutionConfigurationPlatforms) = preSolution
		Debug|Any CPU = Debug|Any CPU
		Release|Any CPU = Release|Any CPU
	EndGlobalSection
	GlobalSection(ProjectConfigurationPlatforms) = postSolution
		{FFB344C7-F276-4557-B05B-A883F4CBA2E6}.Debug|Any CPU.ActiveCfg = Debug|Any CPU
		{FFB344C7-F276-4557-B05B-A883F4CBA2E6}.Debug|Any CPU.Build.0 = Debug|Any CPU
		{FFB344C7-F276-4557-B05B-A883F4CBA2E6}.Release|Any CPU.ActiveCfg = Release|Any CPU
		{FFB344C7-F276-4557-B05B-A883F4CBA2E6}.Release|Any CPU.Build.0 = Release|Any CPU
	EndGlobalSection
	GlobalSection(SolutionProperties) = preSolution
		HideSolutionNode = FALSE
	EndGlobalSection
	GlobalSection(ExtensibilityGlobals) = postSolution
		SolutionGuid = {709A3DE9-974B-4C20-9B56-FD24A20E2369}
	EndGlobalSection
EndGlobal
